// !$*UTF8*$!
{
	archiveVersion = 1;
	classes = {
	};
	objectVersion = 46;
	objects = {

/* Begin PBXBuildFile section */
		0BD0AFADAFDD0A5D24BB7CD0 /* libPods-Mine.a in Frameworks */ = {isa = PBXBuildFile; fileRef = BC105C6DD80E66A02F37CBFE /* libPods-Mine.a */; };
		3423ACBE2091C79C000F8373 /* UIView+RedButton.m in Sources */ = {isa = PBXBuildFile; fileRef = 3423ACBD2091C79C000F8373 /* UIView+RedButton.m */; };
		3426E6222148B38A0092186F /* WMDragView.m in Sources */ = {isa = PBXBuildFile; fileRef = 3426E6202148B3890092186F /* WMDragView.m */; };
		9ADFB14E1FBAEEDD006D1E9B /* main.m in Sources */ = {isa = PBXBuildFile; fileRef = 9ADFB14D1FBAEEDD006D1E9B /* main.m */; };
		9ADFB1511FBAEEDD006D1E9B /* AppDelegate.m in Sources */ = {isa = PBXBuildFile; fileRef = 9ADFB1501FBAEEDD006D1E9B /* AppDelegate.m */; };
		9ADFB1541FBAEEDD006D1E9B /* ViewController.m in Sources */ = {isa = PBXBuildFile; fileRef = 9ADFB1531FBAEEDD006D1E9B /* ViewController.m */; };
		9ADFB1591FBAEEDD006D1E9B /* Assets.xcassets in Resources */ = {isa = PBXBuildFile; fileRef = 9ADFB1581FBAEEDD006D1E9B /* Assets.xcassets */; };
		9ADFB15C1FBAEEDD006D1E9B /* LaunchScreen.storyboard in Resources */ = {isa = PBXBuildFile; fileRef = 9ADFB15A1FBAEEDD006D1E9B /* LaunchScreen.storyboard */; };
		DA00671C1FC6A9120049E572 /* FloatActionButton.m in Sources */ = {isa = PBXBuildFile; fileRef = DA00671B1FC6A9120049E572 /* FloatActionButton.m */; };
		DA022B7B1FC2CEDC007B7147 /* BatteryInfoManager.m in Sources */ = {isa = PBXBuildFile; fileRef = DA022B741FC2CEDC007B7147 /* BatteryInfoManager.m */; };
		DA022B7C1FC2CEDC007B7147 /* DeviceDataLibrery.m in Sources */ = {isa = PBXBuildFile; fileRef = DA022B761FC2CEDC007B7147 /* DeviceDataLibrery.m */; };
		DA022B7D1FC2CEDC007B7147 /* DeviceInfoManager.m in Sources */ = {isa = PBXBuildFile; fileRef = DA022B781FC2CEDC007B7147 /* DeviceInfoManager.m */; };
		DA022B7E1FC2CEDC007B7147 /* NetWorkInfoManager.m in Sources */ = {isa = PBXBuildFile; fileRef = DA022B7A1FC2CEDC007B7147 /* NetWorkInfoManager.m */; };
		DA2BCA6F1FC8093D006BF1CB /* MineNetworkTool.m in Sources */ = {isa = PBXBuildFile; fileRef = DA2BCA6E1FC8093D006BF1CB /* MineNetworkTool.m */; };
		DA3A30C81FBEC7D0003D4B3D /* UIViewController+BackButtonHandler.m in Sources */ = {isa = PBXBuildFile; fileRef = DA3A30C71FBEC7D0003D4B3D /* UIViewController+BackButtonHandler.m */; };
		DA3A30CD1FBED0BD003D4B3D /* BaseTools.m in Sources */ = {isa = PBXBuildFile; fileRef = DA3A30CC1FBED0BD003D4B3D /* BaseTools.m */; };
		DA44DA0F200763FA00451FF2 /* MyMusicVC.m in Sources */ = {isa = PBXBuildFile; fileRef = DA44DA0E200763FA00451FF2 /* MyMusicVC.m */; };
		DA44DA122007665200451FF2 /* MyMusicModel.m in Sources */ = {isa = PBXBuildFile; fileRef = DA44DA112007665200451FF2 /* MyMusicModel.m */; };
		DA504B2F1FBD8938000AE3D8 /* UIButton+Block.m in Sources */ = {isa = PBXBuildFile; fileRef = DA504B2E1FBD8938000AE3D8 /* UIButton+Block.m */; };
		DA718A761FE37AE40014EBCC /* UIView+LExtension.m in Sources */ = {isa = PBXBuildFile; fileRef = DA718A751FE37AE40014EBCC /* UIView+LExtension.m */; };
		DA727B7A207DEC310089F15C /* FriendsVC.m in Sources */ = {isa = PBXBuildFile; fileRef = DA727B79207DEC310089F15C /* FriendsVC.m */; };
		DA8C227A1FDE2EE8002DF6C7 /* SystemSettingsCell.m in Sources */ = {isa = PBXBuildFile; fileRef = DA8C22791FDE2EE8002DF6C7 /* SystemSettingsCell.m */; };
		DAB25DBF1FD529D800555712 /* Constants.m in Sources */ = {isa = PBXBuildFile; fileRef = DAB25DBE1FD529D800555712 /* Constants.m */; };
		DABFF47C1FD785C50053707D /* Localizable.strings in Resources */ = {isa = PBXBuildFile; fileRef = DABFF47E1FD785C50053707D /* Localizable.strings */; };
		DAC3F7481FDE454600322868 /* AccountVC.plist in Resources */ = {isa = PBXBuildFile; fileRef = DAC3F7471FDE454600322868 /* AccountVC.plist */; };
		DAC3F74B1FDE787700322868 /* AccountMessageNoLoginCell.m in Sources */ = {isa = PBXBuildFile; fileRef = DAC3F74A1FDE787700322868 /* AccountMessageNoLoginCell.m */; };
		DAC3F74E1FDE805800322868 /* AccountModel.m in Sources */ = {isa = PBXBuildFile; fileRef = DAC3F74D1FDE805800322868 /* AccountModel.m */; };
		DAD534451FDA8E34000E29E6 /* AccountMessageCell.m in Sources */ = {isa = PBXBuildFile; fileRef = DAD534441FDA8E34000E29E6 /* AccountMessageCell.m */; };
		DADF3E5C1FC3B67900FA4A40 /* SuperNavVC.m in Sources */ = {isa = PBXBuildFile; fileRef = DADF3E551FC3B67900FA4A40 /* SuperNavVC.m */; };
		DADF3E5E1FC3B67900FA4A40 /* SuperVC.m in Sources */ = {isa = PBXBuildFile; fileRef = DADF3E581FC3B67900FA4A40 /* SuperVC.m */; };
		DADF3E601FC3B67900FA4A40 /* TabBarVC.m in Sources */ = {isa = PBXBuildFile; fileRef = DADF3E5B1FC3B67900FA4A40 /* TabBarVC.m */; };
		DAE71C051FCBF95800E128B1 /* HasTabBarVC.m in Sources */ = {isa = PBXBuildFile; fileRef = DAE71C041FCBF95800E128B1 /* HasTabBarVC.m */; };
		DAE71C081FCC083D00E128B1 /* TestVCViewController.m in Sources */ = {isa = PBXBuildFile; fileRef = DAE71C071FCC083D00E128B1 /* TestVCViewController.m */; };
		DAEBC81F1FDA6EA700931C9E /* AccountVC.m in Sources */ = {isa = PBXBuildFile; fileRef = DAEBC81E1FDA6EA700931C9E /* AccountVC.m */; };
		DAF42DD21FFF0B52003743AB /* AudioToolbox.framework in Frameworks */ = {isa = PBXBuildFile; fileRef = DAF42DD11FFF0B52003743AB /* AudioToolbox.framework */; };
		DAF42DD61FFF0B68003743AB /* Foundation.framework in Frameworks */ = {isa = PBXBuildFile; fileRef = DAF42DD51FFF0B68003743AB /* Foundation.framework */; };
		DAF42DD81FFF0B71003743AB /* CoreGraphics.framework in Frameworks */ = {isa = PBXBuildFile; fileRef = DAF42DD71FFF0B71003743AB /* CoreGraphics.framework */; };
		DAF42DDA1FFF0B7A003743AB /* UIKit.framework in Frameworks */ = {isa = PBXBuildFile; fileRef = DAF42DD91FFF0B7A003743AB /* UIKit.framework */; };
		DAF42DDC1FFF0B8D003743AB /* libSVSinVoiceLib.a in Frameworks */ = {isa = PBXBuildFile; fileRef = DAF42DDB1FFF0B8C003743AB /* libSVSinVoiceLib.a */; };
		DAF590E41FBBDB2000460D26 /* Foundation+Log.m in Sources */ = {isa = PBXBuildFile; fileRef = DAF590E31FBBDB2000460D26 /* Foundation+Log.m */; };
		DAF590EA1FBBDD5600460D26 /* UIColor+SomeFunction.m in Sources */ = {isa = PBXBuildFile; fileRef = DAF590E91FBBDD5600460D26 /* UIColor+SomeFunction.m */; };
		DAF590ED1FBBDF4500460D26 /* NSArray+SomeFunction.m in Sources */ = {isa = PBXBuildFile; fileRef = DAF590EC1FBBDF4500460D26 /* NSArray+SomeFunction.m */; };
		DAF590F11FBBE28200460D26 /* NSDictionary+SomeFunction.m in Sources */ = {isa = PBXBuildFile; fileRef = DAF590F01FBBE28200460D26 /* NSDictionary+SomeFunction.m */; };
		DAF590F41FBBE32C00460D26 /* NSString+SomeFunction.m in Sources */ = {isa = PBXBuildFile; fileRef = DAF590F31FBBE32C00460D26 /* NSString+SomeFunction.m */; };
		DAF590F71FBBE80400460D26 /* UIImage+SomeFunction.m in Sources */ = {isa = PBXBuildFile; fileRef = DAF590F61FBBE80400460D26 /* UIImage+SomeFunction.m */; };
		DAF590FE1FBBEB9500460D26 /* UITabBar+Custom.m in Sources */ = {isa = PBXBuildFile; fileRef = DAF590FD1FBBEB9500460D26 /* UITabBar+Custom.m */; };
		DAF5910A1FBBED8000460D26 /* UINavigationBar+SomeFounction.m in Sources */ = {isa = PBXBuildFile; fileRef = DAF591091FBBED8000460D26 /* UINavigationBar+SomeFounction.m */; };
		DAF5910F1FBBEEB600460D26 /* LKeyChain.m in Sources */ = {isa = PBXBuildFile; fileRef = DAF5910E1FBBEEB600460D26 /* LKeyChain.m */; };
/* End PBXBuildFile section */

/* Begin PBXFileReference section */
		3423ACBC2091C79C000F8373 /* UIView+RedButton.h */ = {isa = PBXFileReference; lastKnownFileType = sourcecode.c.h; path = "UIView+RedButton.h"; sourceTree = "<group>"; };
		3423ACBD2091C79C000F8373 /* UIView+RedButton.m */ = {isa = PBXFileReference; lastKnownFileType = sourcecode.c.objc; path = "UIView+RedButton.m"; sourceTree = "<group>"; };
		3426E6202148B3890092186F /* WMDragView.m */ = {isa = PBXFileReference; fileEncoding = 4; lastKnownFileType = sourcecode.c.objc; path = WMDragView.m; sourceTree = "<group>"; };
		3426E6212148B3890092186F /* WMDragView.h */ = {isa = PBXFileReference; fileEncoding = 4; lastKnownFileType = sourcecode.c.h; path = WMDragView.h; sourceTree = "<group>"; };
		9ADFB1491FBAEEDD006D1E9B /* Mine.app */ = {isa = PBXFileReference; explicitFileType = wrapper.application; includeInIndex = 0; path = Mine.app; sourceTree = BUILT_PRODUCTS_DIR; };
		9ADFB14D1FBAEEDD006D1E9B /* main.m */ = {isa = PBXFileReference; lastKnownFileType = sourcecode.c.objc; path = main.m; sourceTree = "<group>"; };
		9ADFB14F1FBAEEDD006D1E9B /* AppDelegate.h */ = {isa = PBXFileReference; lastKnownFileType = sourcecode.c.h; path = AppDelegate.h; sourceTree = "<group>"; };
		9ADFB1501FBAEEDD006D1E9B /* AppDelegate.m */ = {isa = PBXFileReference; lastKnownFileType = sourcecode.c.objc; path = AppDelegate.m; sourceTree = "<group>"; };
		9ADFB1521FBAEEDD006D1E9B /* ViewController.h */ = {isa = PBXFileReference; lastKnownFileType = sourcecode.c.h; path = ViewController.h; sourceTree = "<group>"; };
		9ADFB1531FBAEEDD006D1E9B /* ViewController.m */ = {isa = PBXFileReference; lastKnownFileType = sourcecode.c.objc; path = ViewController.m; sourceTree = "<group>"; };
		9ADFB1581FBAEEDD006D1E9B /* Assets.xcassets */ = {isa = PBXFileReference; lastKnownFileType = folder.assetcatalog; path = Assets.xcassets; sourceTree = "<group>"; };
		9ADFB15B1FBAEEDD006D1E9B /* Base */ = {isa = PBXFileReference; lastKnownFileType = file.storyboard; name = Base; path = Base.lproj/LaunchScreen.storyboard; sourceTree = "<group>"; };
		9ADFB15D1FBAEEDD006D1E9B /* Info.plist */ = {isa = PBXFileReference; lastKnownFileType = text.plist.xml; path = Info.plist; sourceTree = "<group>"; };
		BC105C6DD80E66A02F37CBFE /* libPods-Mine.a */ = {isa = PBXFileReference; explicitFileType = archive.ar; includeInIndex = 0; path = "libPods-Mine.a"; sourceTree = BUILT_PRODUCTS_DIR; };
		C4E20501D4A29DBD1BABBBB0 /* Pods-Mine.debug.xcconfig */ = {isa = PBXFileReference; includeInIndex = 1; lastKnownFileType = text.xcconfig; name = "Pods-Mine.debug.xcconfig"; path = "Pods/Target Support Files/Pods-Mine/Pods-Mine.debug.xcconfig"; sourceTree = "<group>"; };
		D95E81534F398E002DFCBD3A /* Pods-Mine.release.xcconfig */ = {isa = PBXFileReference; includeInIndex = 1; lastKnownFileType = text.xcconfig; name = "Pods-Mine.release.xcconfig"; path = "Pods/Target Support Files/Pods-Mine/Pods-Mine.release.xcconfig"; sourceTree = "<group>"; };
		DA00671A1FC6A9120049E572 /* FloatActionButton.h */ = {isa = PBXFileReference; fileEncoding = 4; lastKnownFileType = sourcecode.c.h; path = FloatActionButton.h; sourceTree = "<group>"; };
		DA00671B1FC6A9120049E572 /* FloatActionButton.m */ = {isa = PBXFileReference; fileEncoding = 4; lastKnownFileType = sourcecode.c.objc; path = FloatActionButton.m; sourceTree = "<group>"; };
		DA022B731FC2CEDC007B7147 /* BatteryInfoManager.h */ = {isa = PBXFileReference; fileEncoding = 4; lastKnownFileType = sourcecode.c.h; path = BatteryInfoManager.h; sourceTree = "<group>"; };
		DA022B741FC2CEDC007B7147 /* BatteryInfoManager.m */ = {isa = PBXFileReference; fileEncoding = 4; lastKnownFileType = sourcecode.c.objc; path = BatteryInfoManager.m; sourceTree = "<group>"; };
		DA022B751FC2CEDC007B7147 /* DeviceDataLibrery.h */ = {isa = PBXFileReference; fileEncoding = 4; lastKnownFileType = sourcecode.c.h; path = DeviceDataLibrery.h; sourceTree = "<group>"; };
		DA022B761FC2CEDC007B7147 /* DeviceDataLibrery.m */ = {isa = PBXFileReference; fileEncoding = 4; lastKnownFileType = sourcecode.c.objc; path = DeviceDataLibrery.m; sourceTree = "<group>"; };
		DA022B771FC2CEDC007B7147 /* DeviceInfoManager.h */ = {isa = PBXFileReference; fileEncoding = 4; lastKnownFileType = sourcecode.c.h; path = DeviceInfoManager.h; sourceTree = "<group>"; };
		DA022B781FC2CEDC007B7147 /* DeviceInfoManager.m */ = {isa = PBXFileReference; fileEncoding = 4; lastKnownFileType = sourcecode.c.objc; path = DeviceInfoManager.m; sourceTree = "<group>"; };
		DA022B791FC2CEDC007B7147 /* NetWorkInfoManager.h */ = {isa = PBXFileReference; fileEncoding = 4; lastKnownFileType = sourcecode.c.h; path = NetWorkInfoManager.h; sourceTree = "<group>"; };
		DA022B7A1FC2CEDC007B7147 /* NetWorkInfoManager.m */ = {isa = PBXFileReference; fileEncoding = 4; lastKnownFileType = sourcecode.c.objc; path = NetWorkInfoManager.m; sourceTree = "<group>"; };
		DA2B29D21FBAFF3600D49FCA /* PrefixHeader.pch */ = {isa = PBXFileReference; lastKnownFileType = sourcecode.c.h; path = PrefixHeader.pch; sourceTree = "<group>"; };
		DA2BCA6D1FC8093D006BF1CB /* MineNetworkTool.h */ = {isa = PBXFileReference; fileEncoding = 4; lastKnownFileType = sourcecode.c.h; path = MineNetworkTool.h; sourceTree = "<group>"; };
		DA2BCA6E1FC8093D006BF1CB /* MineNetworkTool.m */ = {isa = PBXFileReference; fileEncoding = 4; lastKnownFileType = sourcecode.c.objc; path = MineNetworkTool.m; sourceTree = "<group>"; };
		DA3A30C61FBEC7D0003D4B3D /* UIViewController+BackButtonHandler.h */ = {isa = PBXFileReference; fileEncoding = 4; lastKnownFileType = sourcecode.c.h; path = "UIViewController+BackButtonHandler.h"; sourceTree = "<group>"; };
		DA3A30C71FBEC7D0003D4B3D /* UIViewController+BackButtonHandler.m */ = {isa = PBXFileReference; fileEncoding = 4; lastKnownFileType = sourcecode.c.objc; path = "UIViewController+BackButtonHandler.m"; sourceTree = "<group>"; };
		DA3A30CB1FBED0BD003D4B3D /* BaseTools.h */ = {isa = PBXFileReference; fileEncoding = 4; lastKnownFileType = sourcecode.c.h; name = BaseTools.h; path = category/BaseTools.h; sourceTree = "<group>"; };
		DA3A30CC1FBED0BD003D4B3D /* BaseTools.m */ = {isa = PBXFileReference; fileEncoding = 4; lastKnownFileType = sourcecode.c.objc; name = BaseTools.m; path = category/BaseTools.m; sourceTree = "<group>"; };
		DA44DA0D200763FA00451FF2 /* MyMusicVC.h */ = {isa = PBXFileReference; lastKnownFileType = sourcecode.c.h; path = MyMusicVC.h; sourceTree = "<group>"; };
		DA44DA0E200763FA00451FF2 /* MyMusicVC.m */ = {isa = PBXFileReference; lastKnownFileType = sourcecode.c.objc; path = MyMusicVC.m; sourceTree = "<group>"; };
		DA44DA102007665200451FF2 /* MyMusicModel.h */ = {isa = PBXFileReference; lastKnownFileType = sourcecode.c.h; path = MyMusicModel.h; sourceTree = "<group>"; };
		DA44DA112007665200451FF2 /* MyMusicModel.m */ = {isa = PBXFileReference; lastKnownFileType = sourcecode.c.objc; path = MyMusicModel.m; sourceTree = "<group>"; };
		DA504B2D1FBD8938000AE3D8 /* UIButton+Block.h */ = {isa = PBXFileReference; fileEncoding = 4; lastKnownFileType = sourcecode.c.h; path = "UIButton+Block.h"; sourceTree = "<group>"; };
		DA504B2E1FBD8938000AE3D8 /* UIButton+Block.m */ = {isa = PBXFileReference; fileEncoding = 4; lastKnownFileType = sourcecode.c.objc; path = "UIButton+Block.m"; sourceTree = "<group>"; };
		DA718A741FE37AE30014EBCC /* UIView+LExtension.h */ = {isa = PBXFileReference; fileEncoding = 4; lastKnownFileType = sourcecode.c.h; path = "UIView+LExtension.h"; sourceTree = "<group>"; };
		DA718A751FE37AE40014EBCC /* UIView+LExtension.m */ = {isa = PBXFileReference; fileEncoding = 4; lastKnownFileType = sourcecode.c.objc; path = "UIView+LExtension.m"; sourceTree = "<group>"; };
		DA727B78207DEC310089F15C /* FriendsVC.h */ = {isa = PBXFileReference; lastKnownFileType = sourcecode.c.h; path = FriendsVC.h; sourceTree = "<group>"; };
		DA727B79207DEC310089F15C /* FriendsVC.m */ = {isa = PBXFileReference; lastKnownFileType = sourcecode.c.objc; path = FriendsVC.m; sourceTree = "<group>"; };
		DA8C22781FDE2EE8002DF6C7 /* SystemSettingsCell.h */ = {isa = PBXFileReference; lastKnownFileType = sourcecode.c.h; path = SystemSettingsCell.h; sourceTree = "<group>"; };
		DA8C22791FDE2EE8002DF6C7 /* SystemSettingsCell.m */ = {isa = PBXFileReference; lastKnownFileType = sourcecode.c.objc; path = SystemSettingsCell.m; sourceTree = "<group>"; };
		DAB25DBD1FD529D800555712 /* Constants.h */ = {isa = PBXFileReference; fileEncoding = 4; lastKnownFileType = sourcecode.c.h; path = Constants.h; sourceTree = "<group>"; };
		DAB25DBE1FD529D800555712 /* Constants.m */ = {isa = PBXFileReference; fileEncoding = 4; lastKnownFileType = sourcecode.c.objc; path = Constants.m; sourceTree = "<group>"; };
		DABFF4781FD7853E0053707D /* zh-Hans */ = {isa = PBXFileReference; lastKnownFileType = text.plist.strings; name = "zh-Hans"; path = "zh-Hans.lproj/LaunchScreen.strings"; sourceTree = "<group>"; };
		DABFF47D1FD785C50053707D /* en */ = {isa = PBXFileReference; lastKnownFileType = text.plist.strings; name = en; path = en.lproj/Localizable.strings; sourceTree = "<group>"; };
		DABFF47F1FD785C80053707D /* zh-Hans */ = {isa = PBXFileReference; lastKnownFileType = text.plist.strings; name = "zh-Hans"; path = "zh-Hans.lproj/Localizable.strings"; sourceTree = "<group>"; };
		DAC3F7471FDE454600322868 /* AccountVC.plist */ = {isa = PBXFileReference; lastKnownFileType = text.plist.xml; path = AccountVC.plist; sourceTree = "<group>"; };
		DAC3F7491FDE787700322868 /* AccountMessageNoLoginCell.h */ = {isa = PBXFileReference; lastKnownFileType = sourcecode.c.h; path = AccountMessageNoLoginCell.h; sourceTree = "<group>"; };
		DAC3F74A1FDE787700322868 /* AccountMessageNoLoginCell.m */ = {isa = PBXFileReference; lastKnownFileType = sourcecode.c.objc; path = AccountMessageNoLoginCell.m; sourceTree = "<group>"; };
		DAC3F74C1FDE805800322868 /* AccountModel.h */ = {isa = PBXFileReference; lastKnownFileType = sourcecode.c.h; path = AccountModel.h; sourceTree = "<group>"; };
		DAC3F74D1FDE805800322868 /* AccountModel.m */ = {isa = PBXFileReference; lastKnownFileType = sourcecode.c.objc; path = AccountModel.m; sourceTree = "<group>"; };
		DAD534431FDA8E34000E29E6 /* AccountMessageCell.h */ = {isa = PBXFileReference; lastKnownFileType = sourcecode.c.h; path = AccountMessageCell.h; sourceTree = "<group>"; };
		DAD534441FDA8E34000E29E6 /* AccountMessageCell.m */ = {isa = PBXFileReference; lastKnownFileType = sourcecode.c.objc; path = AccountMessageCell.m; sourceTree = "<group>"; };
		DADF3E541FC3B67900FA4A40 /* SuperNavVC.h */ = {isa = PBXFileReference; fileEncoding = 4; lastKnownFileType = sourcecode.c.h; path = SuperNavVC.h; sourceTree = "<group>"; };
		DADF3E551FC3B67900FA4A40 /* SuperNavVC.m */ = {isa = PBXFileReference; fileEncoding = 4; lastKnownFileType = sourcecode.c.objc; path = SuperNavVC.m; sourceTree = "<group>"; };
		DADF3E571FC3B67900FA4A40 /* SuperVC.h */ = {isa = PBXFileReference; fileEncoding = 4; lastKnownFileType = sourcecode.c.h; path = SuperVC.h; sourceTree = "<group>"; };
		DADF3E581FC3B67900FA4A40 /* SuperVC.m */ = {isa = PBXFileReference; fileEncoding = 4; lastKnownFileType = sourcecode.c.objc; path = SuperVC.m; sourceTree = "<group>"; };
		DADF3E5A1FC3B67900FA4A40 /* TabBarVC.h */ = {isa = PBXFileReference; fileEncoding = 4; lastKnownFileType = sourcecode.c.h; path = TabBarVC.h; sourceTree = "<group>"; };
		DADF3E5B1FC3B67900FA4A40 /* TabBarVC.m */ = {isa = PBXFileReference; fileEncoding = 4; lastKnownFileType = sourcecode.c.objc; path = TabBarVC.m; sourceTree = "<group>"; };
		DAE71C031FCBF95800E128B1 /* HasTabBarVC.h */ = {isa = PBXFileReference; fileEncoding = 4; lastKnownFileType = sourcecode.c.h; path = HasTabBarVC.h; sourceTree = "<group>"; };
		DAE71C041FCBF95800E128B1 /* HasTabBarVC.m */ = {isa = PBXFileReference; fileEncoding = 4; lastKnownFileType = sourcecode.c.objc; path = HasTabBarVC.m; sourceTree = "<group>"; };
		DAE71C061FCC083D00E128B1 /* TestVCViewController.h */ = {isa = PBXFileReference; fileEncoding = 4; lastKnownFileType = sourcecode.c.h; path = TestVCViewController.h; sourceTree = "<group>"; };
		DAE71C071FCC083D00E128B1 /* TestVCViewController.m */ = {isa = PBXFileReference; fileEncoding = 4; lastKnownFileType = sourcecode.c.objc; path = TestVCViewController.m; sourceTree = "<group>"; };
		DAEBC81D1FDA6EA700931C9E /* AccountVC.h */ = {isa = PBXFileReference; fileEncoding = 4; lastKnownFileType = sourcecode.c.h; path = AccountVC.h; sourceTree = "<group>"; };
		DAEBC81E1FDA6EA700931C9E /* AccountVC.m */ = {isa = PBXFileReference; fileEncoding = 4; lastKnownFileType = sourcecode.c.objc; path = AccountVC.m; sourceTree = "<group>"; };
		DAF42DD11FFF0B52003743AB /* AudioToolbox.framework */ = {isa = PBXFileReference; lastKnownFileType = wrapper.framework; name = AudioToolbox.framework; path = System/Library/Frameworks/AudioToolbox.framework; sourceTree = SDKROOT; };
		DAF42DD31FFF0B5B003743AB /* AVFoundation.framework */ = {isa = PBXFileReference; lastKnownFileType = wrapper.framework; name = AVFoundation.framework; path = System/Library/Frameworks/AVFoundation.framework; sourceTree = SDKROOT; };
		DAF42DD51FFF0B68003743AB /* Foundation.framework */ = {isa = PBXFileReference; lastKnownFileType = wrapper.framework; name = Foundation.framework; path = System/Library/Frameworks/Foundation.framework; sourceTree = SDKROOT; };
		DAF42DD71FFF0B71003743AB /* CoreGraphics.framework */ = {isa = PBXFileReference; lastKnownFileType = wrapper.framework; name = CoreGraphics.framework; path = System/Library/Frameworks/CoreGraphics.framework; sourceTree = SDKROOT; };
		DAF42DD91FFF0B7A003743AB /* UIKit.framework */ = {isa = PBXFileReference; lastKnownFileType = wrapper.framework; name = UIKit.framework; path = System/Library/Frameworks/UIKit.framework; sourceTree = SDKROOT; };
		DAF42DDB1FFF0B8C003743AB /* libSVSinVoiceLib.a */ = {isa = PBXFileReference; lastKnownFileType = archive.ar; path = libSVSinVoiceLib.a; sourceTree = "<group>"; };
		DAF590E01FBBD9AC00460D26 /* ToolsCategory.h */ = {isa = PBXFileReference; lastKnownFileType = sourcecode.c.h; path = ToolsCategory.h; sourceTree = "<group>"; };
		DAF590E31FBBDB2000460D26 /* Foundation+Log.m */ = {isa = PBXFileReference; fileEncoding = 4; lastKnownFileType = sourcecode.c.objc; path = "Foundation+Log.m"; sourceTree = "<group>"; };
		DAF590E81FBBDD5600460D26 /* UIColor+SomeFunction.h */ = {isa = PBXFileReference; fileEncoding = 4; lastKnownFileType = sourcecode.c.h; path = "UIColor+SomeFunction.h"; sourceTree = "<group>"; };
		DAF590E91FBBDD5600460D26 /* UIColor+SomeFunction.m */ = {isa = PBXFileReference; fileEncoding = 4; lastKnownFileType = sourcecode.c.objc; path = "UIColor+SomeFunction.m"; sourceTree = "<group>"; };
		DAF590EB1FBBDF4500460D26 /* NSArray+SomeFunction.h */ = {isa = PBXFileReference; fileEncoding = 4; lastKnownFileType = sourcecode.c.h; path = "NSArray+SomeFunction.h"; sourceTree = "<group>"; };
		DAF590EC1FBBDF4500460D26 /* NSArray+SomeFunction.m */ = {isa = PBXFileReference; fileEncoding = 4; lastKnownFileType = sourcecode.c.objc; path = "NSArray+SomeFunction.m"; sourceTree = "<group>"; };
		DAF590EE1FBBE13F00460D26 /* ToolsMacros.h */ = {isa = PBXFileReference; lastKnownFileType = sourcecode.c.h; path = ToolsMacros.h; sourceTree = "<group>"; };
		DAF590EF1FBBE28200460D26 /* NSDictionary+SomeFunction.h */ = {isa = PBXFileReference; fileEncoding = 4; lastKnownFileType = sourcecode.c.h; path = "NSDictionary+SomeFunction.h"; sourceTree = "<group>"; };
		DAF590F01FBBE28200460D26 /* NSDictionary+SomeFunction.m */ = {isa = PBXFileReference; fileEncoding = 4; lastKnownFileType = sourcecode.c.objc; path = "NSDictionary+SomeFunction.m"; sourceTree = "<group>"; };
		DAF590F21FBBE32C00460D26 /* NSString+SomeFunction.h */ = {isa = PBXFileReference; fileEncoding = 4; lastKnownFileType = sourcecode.c.h; path = "NSString+SomeFunction.h"; sourceTree = "<group>"; };
		DAF590F31FBBE32C00460D26 /* NSString+SomeFunction.m */ = {isa = PBXFileReference; fileEncoding = 4; lastKnownFileType = sourcecode.c.objc; path = "NSString+SomeFunction.m"; sourceTree = "<group>"; };
		DAF590F51FBBE80400460D26 /* UIImage+SomeFunction.h */ = {isa = PBXFileReference; fileEncoding = 4; lastKnownFileType = sourcecode.c.h; path = "UIImage+SomeFunction.h"; sourceTree = "<group>"; };
		DAF590F61FBBE80400460D26 /* UIImage+SomeFunction.m */ = {isa = PBXFileReference; fileEncoding = 4; lastKnownFileType = sourcecode.c.objc; path = "UIImage+SomeFunction.m"; sourceTree = "<group>"; };
		DAF590FC1FBBEB8F00460D26 /* UITabBar+Custom.h */ = {isa = PBXFileReference; lastKnownFileType = sourcecode.c.h; path = "UITabBar+Custom.h"; sourceTree = "<group>"; };
		DAF590FD1FBBEB9500460D26 /* UITabBar+Custom.m */ = {isa = PBXFileReference; fileEncoding = 4; lastKnownFileType = sourcecode.c.objc; path = "UITabBar+Custom.m"; sourceTree = "<group>"; };
		DAF591081FBBED8000460D26 /* UINavigationBar+SomeFounction.h */ = {isa = PBXFileReference; fileEncoding = 4; lastKnownFileType = sourcecode.c.h; path = "UINavigationBar+SomeFounction.h"; sourceTree = "<group>"; };
		DAF591091FBBED8000460D26 /* UINavigationBar+SomeFounction.m */ = {isa = PBXFileReference; fileEncoding = 4; lastKnownFileType = sourcecode.c.objc; path = "UINavigationBar+SomeFounction.m"; sourceTree = "<group>"; };
		DAF5910D1FBBEEB600460D26 /* LKeyChain.h */ = {isa = PBXFileReference; fileEncoding = 4; lastKnownFileType = sourcecode.c.h; path = LKeyChain.h; sourceTree = "<group>"; };
		DAF5910E1FBBEEB600460D26 /* LKeyChain.m */ = {isa = PBXFileReference; fileEncoding = 4; lastKnownFileType = sourcecode.c.objc; path = LKeyChain.m; sourceTree = "<group>"; };
/* End PBXFileReference section */

/* Begin PBXFrameworksBuildPhase section */
		9ADFB1461FBAEEDD006D1E9B /* Frameworks */ = {
			isa = PBXFrameworksBuildPhase;
			buildActionMask = 2147483647;
			files = (
				DAF42DDA1FFF0B7A003743AB /* UIKit.framework in Frameworks */,
				DAF42DD81FFF0B71003743AB /* CoreGraphics.framework in Frameworks */,
				DAF42DD61FFF0B68003743AB /* Foundation.framework in Frameworks */,
				DAF42DD21FFF0B52003743AB /* AudioToolbox.framework in Frameworks */,
				DAF42DDC1FFF0B8D003743AB /* libSVSinVoiceLib.a in Frameworks */,
				0BD0AFADAFDD0A5D24BB7CD0 /* libPods-Mine.a in Frameworks */,
			);
			runOnlyForDeploymentPostprocessing = 0;
		};
/* End PBXFrameworksBuildPhase section */

/* Begin PBXGroup section */
		188709258F4AAB539EC3702D /* Pods */ = {
			isa = PBXGroup;
			children = (
				C4E20501D4A29DBD1BABBBB0 /* Pods-Mine.debug.xcconfig */,
				D95E81534F398E002DFCBD3A /* Pods-Mine.release.xcconfig */,
			);
			name = Pods;
			sourceTree = "<group>";
		};
		3426E61F2148B3890092186F /* WMDragView */ = {
			isa = PBXGroup;
			children = (
				3426E6202148B3890092186F /* WMDragView.m */,
				3426E6212148B3890092186F /* WMDragView.h */,
			);
			path = WMDragView;
			sourceTree = "<group>";
		};
		9ADFB1401FBAEEDD006D1E9B = {
			isa = PBXGroup;
			children = (
				9ADFB14B1FBAEEDD006D1E9B /* Mine */,
				9ADFB14A1FBAEEDD006D1E9B /* Products */,
				188709258F4AAB539EC3702D /* Pods */,
				9F343E826CF2F33988B76C14 /* Frameworks */,
			);
			sourceTree = "<group>";
		};
		9ADFB14A1FBAEEDD006D1E9B /* Products */ = {
			isa = PBXGroup;
			children = (
				9ADFB1491FBAEEDD006D1E9B /* Mine.app */,
			);
			name = Products;
			sourceTree = "<group>";
		};
		9ADFB14B1FBAEEDD006D1E9B /* Mine */ = {
			isa = PBXGroup;
			children = (
				DA2BCA6C1FC808EC006BF1CB /* Network */,
				DAF590AB1FBBD3CE00460D26 /* Tools */,
				9ADFB14F1FBAEEDD006D1E9B /* AppDelegate.h */,
				9ADFB1501FBAEEDD006D1E9B /* AppDelegate.m */,
				9ADFB1521FBAEEDD006D1E9B /* ViewController.h */,
				9ADFB1531FBAEEDD006D1E9B /* ViewController.m */,
				DAE71C061FCC083D00E128B1 /* TestVCViewController.h */,
				DAE71C071FCC083D00E128B1 /* TestVCViewController.m */,
				DA44DA082007632F00451FF2 /* MyMusic */,
				DA727B74207DEBDF0089F15C /* Friends */,
				DAEBC81C1FDA6EA700931C9E /* Account */,
				9ADFB1581FBAEEDD006D1E9B /* Assets.xcassets */,
				9ADFB15A1FBAEEDD006D1E9B /* LaunchScreen.storyboard */,
				9ADFB15D1FBAEEDD006D1E9B /* Info.plist */,
				9ADFB14C1FBAEEDD006D1E9B /* Supporting Files */,
			);
			path = Mine;
			sourceTree = "<group>";
		};
		9ADFB14C1FBAEEDD006D1E9B /* Supporting Files */ = {
			isa = PBXGroup;
			children = (
				9ADFB14D1FBAEEDD006D1E9B /* main.m */,
				DA2B29D21FBAFF3600D49FCA /* PrefixHeader.pch */,
			);
			name = "Supporting Files";
			sourceTree = "<group>";
		};
		9F343E826CF2F33988B76C14 /* Frameworks */ = {
			isa = PBXGroup;
			children = (
				DAF42DDB1FFF0B8C003743AB /* libSVSinVoiceLib.a */,
				DAF42DD91FFF0B7A003743AB /* UIKit.framework */,
				DAF42DD71FFF0B71003743AB /* CoreGraphics.framework */,
				DAF42DD51FFF0B68003743AB /* Foundation.framework */,
				DAF42DD31FFF0B5B003743AB /* AVFoundation.framework */,
				DAF42DD11FFF0B52003743AB /* AudioToolbox.framework */,
				BC105C6DD80E66A02F37CBFE /* libPods-Mine.a */,
			);
			name = Frameworks;
			sourceTree = "<group>";
		};
		DA0067191FC6A9120049E572 /* FloatActionButton */ = {
			isa = PBXGroup;
			children = (
				DA00671A1FC6A9120049E572 /* FloatActionButton.h */,
				DA00671B1FC6A9120049E572 /* FloatActionButton.m */,
			);
			path = FloatActionButton;
			sourceTree = "<group>";
		};
		DA022B721FC2CEDC007B7147 /* DeviceTools */ = {
			isa = PBXGroup;
			children = (
				DA022B731FC2CEDC007B7147 /* BatteryInfoManager.h */,
				DA022B741FC2CEDC007B7147 /* BatteryInfoManager.m */,
				DA022B751FC2CEDC007B7147 /* DeviceDataLibrery.h */,
				DA022B761FC2CEDC007B7147 /* DeviceDataLibrery.m */,
				DA022B771FC2CEDC007B7147 /* DeviceInfoManager.h */,
				DA022B781FC2CEDC007B7147 /* DeviceInfoManager.m */,
				DA022B791FC2CEDC007B7147 /* NetWorkInfoManager.h */,
				DA022B7A1FC2CEDC007B7147 /* NetWorkInfoManager.m */,
			);
			path = DeviceTools;
			sourceTree = "<group>";
		};
		DA2BCA6C1FC808EC006BF1CB /* Network */ = {
			isa = PBXGroup;
			children = (
				DA2BCA6D1FC8093D006BF1CB /* MineNetworkTool.h */,
				DA2BCA6E1FC8093D006BF1CB /* MineNetworkTool.m */,
			);
			name = Network;
			sourceTree = "<group>";
		};
		DA44DA082007632F00451FF2 /* MyMusic */ = {
			isa = PBXGroup;
			children = (
				DA44DA0C200763C800451FF2 /* model */,
				DA44DA0B2007638C00451FF2 /* view */,
				DA44DA092007637500451FF2 /* controller */,
			);
			path = MyMusic;
			sourceTree = "<group>";
		};
		DA44DA092007637500451FF2 /* controller */ = {
			isa = PBXGroup;
			children = (
				DA44DA0D200763FA00451FF2 /* MyMusicVC.h */,
				DA44DA0E200763FA00451FF2 /* MyMusicVC.m */,
			);
			path = controller;
			sourceTree = "<group>";
		};
		DA44DA0B2007638C00451FF2 /* view */ = {
			isa = PBXGroup;
			children = (
			);
			path = view;
			sourceTree = "<group>";
		};
		DA44DA0C200763C800451FF2 /* model */ = {
			isa = PBXGroup;
			children = (
				DA44DA102007665200451FF2 /* MyMusicModel.h */,
				DA44DA112007665200451FF2 /* MyMusicModel.m */,
			);
			path = model;
			sourceTree = "<group>";
		};
		DA727B74207DEBDF0089F15C /* Friends */ = {
			isa = PBXGroup;
			children = (
				DA727B75207DEBFD0089F15C /* model */,
				DA727B76207DEC040089F15C /* view */,
				DA727B77207DEC0B0089F15C /* controller */,
			);
			path = Friends;
			sourceTree = "<group>";
		};
		DA727B75207DEBFD0089F15C /* model */ = {
			isa = PBXGroup;
			children = (
			);
			path = model;
			sourceTree = "<group>";
		};
		DA727B76207DEC040089F15C /* view */ = {
			isa = PBXGroup;
			children = (
			);
			path = view;
			sourceTree = "<group>";
		};
		DA727B77207DEC0B0089F15C /* controller */ = {
			isa = PBXGroup;
			children = (
				DA727B78207DEC310089F15C /* FriendsVC.h */,
				DA727B79207DEC310089F15C /* FriendsVC.m */,
			);
			path = controller;
			sourceTree = "<group>";
		};
		DABFF4791FD7856E0053707D /* Language */ = {
			isa = PBXGroup;
			children = (
				DABFF47E1FD785C50053707D /* Localizable.strings */,
			);
			name = Language;
			sourceTree = "<group>";
		};
		DAD534401FDA8DD9000E29E6 /* controller */ = {
			isa = PBXGroup;
			children = (
				DAEBC81D1FDA6EA700931C9E /* AccountVC.h */,
				DAEBC81E1FDA6EA700931C9E /* AccountVC.m */,
			);
			path = controller;
			sourceTree = "<group>";
		};
		DAD534411FDA8DE6000E29E6 /* view */ = {
			isa = PBXGroup;
			children = (
				DAD534431FDA8E34000E29E6 /* AccountMessageCell.h */,
				DAD534441FDA8E34000E29E6 /* AccountMessageCell.m */,
				DAC3F7491FDE787700322868 /* AccountMessageNoLoginCell.h */,
				DAC3F74A1FDE787700322868 /* AccountMessageNoLoginCell.m */,
				DA8C22781FDE2EE8002DF6C7 /* SystemSettingsCell.h */,
				DA8C22791FDE2EE8002DF6C7 /* SystemSettingsCell.m */,
			);
			path = view;
			sourceTree = "<group>";
		};
		DAD534421FDA8DED000E29E6 /* model */ = {
			isa = PBXGroup;
			children = (
				DAC3F7471FDE454600322868 /* AccountVC.plist */,
				DAC3F74C1FDE805800322868 /* AccountModel.h */,
				DAC3F74D1FDE805800322868 /* AccountModel.m */,
			);
			path = model;
			sourceTree = "<group>";
		};
		DADF3E531FC3B67900FA4A40 /* SuperVC */ = {
			isa = PBXGroup;
			children = (
				DADF3E541FC3B67900FA4A40 /* SuperNavVC.h */,
				DADF3E551FC3B67900FA4A40 /* SuperNavVC.m */,
				DADF3E571FC3B67900FA4A40 /* SuperVC.h */,
				DADF3E581FC3B67900FA4A40 /* SuperVC.m */,
				DAE71C031FCBF95800E128B1 /* HasTabBarVC.h */,
				DAE71C041FCBF95800E128B1 /* HasTabBarVC.m */,
				DADF3E5A1FC3B67900FA4A40 /* TabBarVC.h */,
				DADF3E5B1FC3B67900FA4A40 /* TabBarVC.m */,
			);
			path = SuperVC;
			sourceTree = "<group>";
		};
		DAEBC81C1FDA6EA700931C9E /* Account */ = {
			isa = PBXGroup;
			children = (
				DAD534421FDA8DED000E29E6 /* model */,
				DAD534411FDA8DE6000E29E6 /* view */,
				DAD534401FDA8DD9000E29E6 /* controller */,
			);
			path = Account;
			sourceTree = "<group>";
		};
		DAF590AB1FBBD3CE00460D26 /* Tools */ = {
			isa = PBXGroup;
			children = (
				3426E61F2148B3890092186F /* WMDragView */,
				DABFF4791FD7856E0053707D /* Language */,
				DAF590EE1FBBE13F00460D26 /* ToolsMacros.h */,
				DA3A30CB1FBED0BD003D4B3D /* BaseTools.h */,
				DA3A30CC1FBED0BD003D4B3D /* BaseTools.m */,
				DAB25DBD1FD529D800555712 /* Constants.h */,
				DAB25DBE1FD529D800555712 /* Constants.m */,
				DA0067191FC6A9120049E572 /* FloatActionButton */,
				DADF3E531FC3B67900FA4A40 /* SuperVC */,
				DA022B721FC2CEDC007B7147 /* DeviceTools */,
				DAF5910B1FBBEEB600460D26 /* CoustomControls */,
				DAF590AE1FBBD81C00460D26 /* category */,
			);
			path = Tools;
			sourceTree = "<group>";
		};
		DAF590AE1FBBD81C00460D26 /* category */ = {
			isa = PBXGroup;
			children = (
				DAF590E01FBBD9AC00460D26 /* ToolsCategory.h */,
				DAF590E31FBBDB2000460D26 /* Foundation+Log.m */,
				DAF590E81FBBDD5600460D26 /* UIColor+SomeFunction.h */,
				DAF590E91FBBDD5600460D26 /* UIColor+SomeFunction.m */,
				DAF590EB1FBBDF4500460D26 /* NSArray+SomeFunction.h */,
				DAF590EC1FBBDF4500460D26 /* NSArray+SomeFunction.m */,
				DAF590EF1FBBE28200460D26 /* NSDictionary+SomeFunction.h */,
				DAF590F01FBBE28200460D26 /* NSDictionary+SomeFunction.m */,
				DAF590F21FBBE32C00460D26 /* NSString+SomeFunction.h */,
				DAF590F31FBBE32C00460D26 /* NSString+SomeFunction.m */,
				DAF590F51FBBE80400460D26 /* UIImage+SomeFunction.h */,
				DAF590F61FBBE80400460D26 /* UIImage+SomeFunction.m */,
				DAF591081FBBED8000460D26 /* UINavigationBar+SomeFounction.h */,
				DAF591091FBBED8000460D26 /* UINavigationBar+SomeFounction.m */,
				DA718A741FE37AE30014EBCC /* UIView+LExtension.h */,
				DA718A751FE37AE40014EBCC /* UIView+LExtension.m */,
				DAF590FC1FBBEB8F00460D26 /* UITabBar+Custom.h */,
				DAF590FD1FBBEB9500460D26 /* UITabBar+Custom.m */,
				DA504B2D1FBD8938000AE3D8 /* UIButton+Block.h */,
				DA504B2E1FBD8938000AE3D8 /* UIButton+Block.m */,
				DA3A30C61FBEC7D0003D4B3D /* UIViewController+BackButtonHandler.h */,
				DA3A30C71FBEC7D0003D4B3D /* UIViewController+BackButtonHandler.m */,
				3423ACBC2091C79C000F8373 /* UIView+RedButton.h */,
				3423ACBD2091C79C000F8373 /* UIView+RedButton.m */,
			);
			path = category;
			sourceTree = "<group>";
		};
		DAF5910B1FBBEEB600460D26 /* CoustomControls */ = {
			isa = PBXGroup;
			children = (
				DAF5910C1FBBEEB600460D26 /* LKeyChain */,
			);
			path = CoustomControls;
			sourceTree = "<group>";
		};
		DAF5910C1FBBEEB600460D26 /* LKeyChain */ = {
			isa = PBXGroup;
			children = (
				DAF5910D1FBBEEB600460D26 /* LKeyChain.h */,
				DAF5910E1FBBEEB600460D26 /* LKeyChain.m */,
			);
			path = LKeyChain;
			sourceTree = "<group>";
		};
/* End PBXGroup section */

/* Begin PBXNativeTarget section */
		9ADFB1481FBAEEDD006D1E9B /* Mine */ = {
			isa = PBXNativeTarget;
			buildConfigurationList = 9ADFB1601FBAEEDD006D1E9B /* Build configuration list for PBXNativeTarget "Mine" */;
			buildPhases = (
				CF58B75533DBB8A4070979BB /* [CP] Check Pods Manifest.lock */,
				9ADFB1451FBAEEDD006D1E9B /* Sources */,
				9ADFB1461FBAEEDD006D1E9B /* Frameworks */,
				9ADFB1471FBAEEDD006D1E9B /* Resources */,
				BD1134D2469DB35EDBA4381E /* [CP] Embed Pods Frameworks */,
				D961B0C0CC0B33CC5AC8D20B /* [CP] Copy Pods Resources */,
			);
			buildRules = (
			);
			dependencies = (
			);
			name = Mine;
			productName = TheFirstProject;
			productReference = 9ADFB1491FBAEEDD006D1E9B /* Mine.app */;
			productType = "com.apple.product-type.application";
		};
/* End PBXNativeTarget section */

/* Begin PBXProject section */
		9ADFB1411FBAEEDD006D1E9B /* Project object */ = {
			isa = PBXProject;
			attributes = {
				LastUpgradeCheck = 0820;
				ORGANIZATIONNAME = Cnmobi;
				TargetAttributes = {
					9ADFB1481FBAEEDD006D1E9B = {
						CreatedOnToolsVersion = 8.2.1;
						DevelopmentTeam = 875QN44U4L;
						ProvisioningStyle = Automatic;
					};
				};
			};
			buildConfigurationList = 9ADFB1441FBAEEDD006D1E9B /* Build configuration list for PBXProject "Mine" */;
			compatibilityVersion = "Xcode 3.2";
			developmentRegion = English;
			hasScannedForEncodings = 0;
			knownRegions = (
				en,
				Base,
				"zh-Hans",
			);
			mainGroup = 9ADFB1401FBAEEDD006D1E9B;
			productRefGroup = 9ADFB14A1FBAEEDD006D1E9B /* Products */;
			projectDirPath = "";
			projectRoot = "";
			targets = (
				9ADFB1481FBAEEDD006D1E9B /* Mine */,
			);
		};
/* End PBXProject section */

/* Begin PBXResourcesBuildPhase section */
		9ADFB1471FBAEEDD006D1E9B /* Resources */ = {
			isa = PBXResourcesBuildPhase;
			buildActionMask = 2147483647;
			files = (
				9ADFB15C1FBAEEDD006D1E9B /* LaunchScreen.storyboard in Resources */,
				DABFF47C1FD785C50053707D /* Localizable.strings in Resources */,
				DAC3F7481FDE454600322868 /* AccountVC.plist in Resources */,
				9ADFB1591FBAEEDD006D1E9B /* Assets.xcassets in Resources */,
			);
			runOnlyForDeploymentPostprocessing = 0;
		};
/* End PBXResourcesBuildPhase section */

/* Begin PBXShellScriptBuildPhase section */
		BD1134D2469DB35EDBA4381E /* [CP] Embed Pods Frameworks */ = {
			isa = PBXShellScriptBuildPhase;
			buildActionMask = 2147483647;
			files = (
			);
			inputPaths = (
			);
			name = "[CP] Embed Pods Frameworks";
			outputPaths = (
			);
			runOnlyForDeploymentPostprocessing = 0;
			shellPath = /bin/sh;
			shellScript = "\"${SRCROOT}/Pods/Target Support Files/Pods-Mine/Pods-Mine-frameworks.sh\"\n";
			showEnvVarsInLog = 0;
		};
		CF58B75533DBB8A4070979BB /* [CP] Check Pods Manifest.lock */ = {
			isa = PBXShellScriptBuildPhase;
			buildActionMask = 2147483647;
			files = (
			);
			inputPaths = (
				"${PODS_PODFILE_DIR_PATH}/Podfile.lock",
				"${PODS_ROOT}/Manifest.lock",
			);
			name = "[CP] Check Pods Manifest.lock";
			outputPaths = (
				"$(DERIVED_FILE_DIR)/Pods-Mine-checkManifestLockResult.txt",
			);
			runOnlyForDeploymentPostprocessing = 0;
			shellPath = /bin/sh;
			shellScript = "diff \"${PODS_PODFILE_DIR_PATH}/Podfile.lock\" \"${PODS_ROOT}/Manifest.lock\" > /dev/null\nif [ $? != 0 ] ; then\n    # print error to STDERR\n    echo \"error: The sandbox is not in sync with the Podfile.lock. Run 'pod install' or update your CocoaPods installation.\" >&2\n    exit 1\nfi\n# This output is used by Xcode 'outputs' to avoid re-running this script phase.\necho \"SUCCESS\" > \"${SCRIPT_OUTPUT_FILE_0}\"\n";
			showEnvVarsInLog = 0;
		};
		D961B0C0CC0B33CC5AC8D20B /* [CP] Copy Pods Resources */ = {
			isa = PBXShellScriptBuildPhase;
			buildActionMask = 2147483647;
			files = (
			);
			inputPaths = (
				"${SRCROOT}/Pods/Target Support Files/Pods-Mine/Pods-Mine-resources.sh",
				"${PODS_ROOT}/DZNWebViewController/Source/Resources/dzn_icn_activity_chrome@2x.png",
				"${PODS_ROOT}/DZNWebViewController/Source/Resources/dzn_icn_activity_chrome@2x~ipad.png",
				"${PODS_ROOT}/DZNWebViewController/Source/Resources/dzn_icn_activity_dolphin@2x.png",
				"${PODS_ROOT}/DZNWebViewController/Source/Resources/dzn_icn_activity_dolphin@2x~ipad.png",
				"${PODS_ROOT}/DZNWebViewController/Source/Resources/dzn_icn_activity_link@2x.png",
				"${PODS_ROOT}/DZNWebViewController/Source/Resources/dzn_icn_activity_link@2x~ipad.png",
				"${PODS_ROOT}/DZNWebViewController/Source/Resources/dzn_icn_activity_opera@2x.png",
				"${PODS_ROOT}/DZNWebViewController/Source/Resources/dzn_icn_activity_opera@2x~ipad.png",
				"${PODS_ROOT}/DZNWebViewController/Source/Resources/dzn_icn_activity_safari@2x.png",
				"${PODS_ROOT}/DZNWebViewController/Source/Resources/dzn_icn_activity_safari@2x~ipad.png",
				"${PODS_ROOT}/DZNWebViewController/Source/Resources/dzn_icn_toolbar_action.png",
				"${PODS_ROOT}/DZNWebViewController/Source/Resources/dzn_icn_toolbar_action@2x.png",
				"${PODS_ROOT}/DZNWebViewController/Source/Resources/dzn_icn_toolbar_action@3x.png",
				"${PODS_ROOT}/DZNWebViewController/Source/Resources/dzn_icn_toolbar_backward.png",
				"${PODS_ROOT}/DZNWebViewController/Source/Resources/dzn_icn_toolbar_backward@2x.png",
				"${PODS_ROOT}/DZNWebViewController/Source/Resources/dzn_icn_toolbar_backward@3x.png",
				"${PODS_ROOT}/DZNWebViewController/Source/Resources/dzn_icn_toolbar_forward.png",
				"${PODS_ROOT}/DZNWebViewController/Source/Resources/dzn_icn_toolbar_forward@2x.png",
				"${PODS_ROOT}/DZNWebViewController/Source/Resources/dzn_icn_toolbar_forward@3x.png",
				"${PODS_ROOT}/DZNWebViewController/Source/Resources/dzn_icn_toolbar_reload.png",
				"${PODS_ROOT}/DZNWebViewController/Source/Resources/dzn_icn_toolbar_reload@2x.png",
				"${PODS_ROOT}/DZNWebViewController/Source/Resources/dzn_icn_toolbar_reload@3x.png",
				"${PODS_ROOT}/DZNWebViewController/Source/Resources/dzn_icn_toolbar_stop.png",
				"${PODS_ROOT}/DZNWebViewController/Source/Resources/dzn_icn_toolbar_stop@2x.png",
				"${PODS_ROOT}/DZNWebViewController/Source/Resources/dzn_icn_toolbar_stop@3x.png",
				"${PODS_ROOT}/DZNWebViewController/Source/Resources/de.lproj",
				"${PODS_ROOT}/DZNWebViewController/Source/Resources/en.lproj",
				"${PODS_ROOT}/DZNWebViewController/Source/Resources/es.lproj",
				"${PODS_ROOT}/IQKeyboardManager/IQKeyboardManager/Resources/IQKeyboardManager.bundle",
				"${PODS_ROOT}/MJRefresh/MJRefresh/MJRefresh.bundle",
				"${PODS_ROOT}/UMengUShare/UShareSDK/UMSocialSDK/UMSocialSDKPromptResources.bundle",
				"${PODS_ROOT}/UMengUShare/UShareSDK/SocialLibraries/Twitter/TwitterKit.framework/Resources/TwitterKitResources.bundle",
				"${PODS_ROOT}/UMengUShare/UShareSDK/UMSocialUI/UMSocialSDKResources.bundle",
			);
			name = "[CP] Copy Pods Resources";
			outputPaths = (
				"${TARGET_BUILD_DIR}/${UNLOCALIZED_RESOURCES_FOLDER_PATH}",
			);
			runOnlyForDeploymentPostprocessing = 0;
			shellPath = /bin/sh;
			shellScript = "\"${SRCROOT}/Pods/Target Support Files/Pods-Mine/Pods-Mine-resources.sh\"\n";
			showEnvVarsInLog = 0;
		};
/* End PBXShellScriptBuildPhase section */

/* Begin PBXSourcesBuildPhase section */
		9ADFB1451FBAEEDD006D1E9B /* Sources */ = {
			isa = PBXSourcesBuildPhase;
			buildActionMask = 2147483647;
			files = (
				3426E6222148B38A0092186F /* WMDragView.m in Sources */,
				DA44DA0F200763FA00451FF2 /* MyMusicVC.m in Sources */,
				DA2BCA6F1FC8093D006BF1CB /* MineNetworkTool.m in Sources */,
				9ADFB1541FBAEEDD006D1E9B /* ViewController.m in Sources */,
				DA3A30CD1FBED0BD003D4B3D /* BaseTools.m in Sources */,
				DAF590F71FBBE80400460D26 /* UIImage+SomeFunction.m in Sources */,
				DAF590F11FBBE28200460D26 /* NSDictionary+SomeFunction.m in Sources */,
				DAC3F74E1FDE805800322868 /* AccountModel.m in Sources */,
				DAF5910A1FBBED8000460D26 /* UINavigationBar+SomeFounction.m in Sources */,
				DA44DA122007665200451FF2 /* MyMusicModel.m in Sources */,
				9ADFB1511FBAEEDD006D1E9B /* AppDelegate.m in Sources */,
				DAF5910F1FBBEEB600460D26 /* LKeyChain.m in Sources */,
				DADF3E601FC3B67900FA4A40 /* TabBarVC.m in Sources */,
				DA718A761FE37AE40014EBCC /* UIView+LExtension.m in Sources */,
				DAE71C081FCC083D00E128B1 /* TestVCViewController.m in Sources */,
				DAB25DBF1FD529D800555712 /* Constants.m in Sources */,
				DAF590EA1FBBDD5600460D26 /* UIColor+SomeFunction.m in Sources */,
				9ADFB14E1FBAEEDD006D1E9B /* main.m in Sources */,
				DAF590FE1FBBEB9500460D26 /* UITabBar+Custom.m in Sources */,
				DADF3E5C1FC3B67900FA4A40 /* SuperNavVC.m in Sources */,
				DADF3E5E1FC3B67900FA4A40 /* SuperVC.m in Sources */,
				DA00671C1FC6A9120049E572 /* FloatActionButton.m in Sources */,
				DA3A30C81FBEC7D0003D4B3D /* UIViewController+BackButtonHandler.m in Sources */,
				DA022B7E1FC2CEDC007B7147 /* NetWorkInfoManager.m in Sources */,
				DAF590ED1FBBDF4500460D26 /* NSArray+SomeFunction.m in Sources */,
				DAD534451FDA8E34000E29E6 /* AccountMessageCell.m in Sources */,
				DAEBC81F1FDA6EA700931C9E /* AccountVC.m in Sources */,
				DA022B7C1FC2CEDC007B7147 /* DeviceDataLibrery.m in Sources */,
				DA504B2F1FBD8938000AE3D8 /* UIButton+Block.m in Sources */,
				DAF590E41FBBDB2000460D26 /* Foundation+Log.m in Sources */,
				DA8C227A1FDE2EE8002DF6C7 /* SystemSettingsCell.m in Sources */,
				DA727B7A207DEC310089F15C /* FriendsVC.m in Sources */,
				DA022B7D1FC2CEDC007B7147 /* DeviceInfoManager.m in Sources */,
				DAF590F41FBBE32C00460D26 /* NSString+SomeFunction.m in Sources */,
				DA022B7B1FC2CEDC007B7147 /* BatteryInfoManager.m in Sources */,
				DAC3F74B1FDE787700322868 /* AccountMessageNoLoginCell.m in Sources */,
				DAE71C051FCBF95800E128B1 /* HasTabBarVC.m in Sources */,
				3423ACBE2091C79C000F8373 /* UIView+RedButton.m in Sources */,
			);
			runOnlyForDeploymentPostprocessing = 0;
		};
/* End PBXSourcesBuildPhase section */

/* Begin PBXVariantGroup section */
		9ADFB15A1FBAEEDD006D1E9B /* LaunchScreen.storyboard */ = {
			isa = PBXVariantGroup;
			children = (
				9ADFB15B1FBAEEDD006D1E9B /* Base */,
				DABFF4781FD7853E0053707D /* zh-Hans */,
			);
			name = LaunchScreen.storyboard;
			sourceTree = "<group>";
		};
		DABFF47E1FD785C50053707D /* Localizable.strings */ = {
			isa = PBXVariantGroup;
			children = (
				DABFF47D1FD785C50053707D /* en */,
				DABFF47F1FD785C80053707D /* zh-Hans */,
			);
			name = Localizable.strings;
			sourceTree = "<group>";
		};
/* End PBXVariantGroup section */

/* Begin XCBuildConfiguration section */
		9ADFB15E1FBAEEDD006D1E9B /* Debug */ = {
			isa = XCBuildConfiguration;
			buildSettings = {
				ALWAYS_SEARCH_USER_PATHS = NO;
				CLANG_ANALYZER_LOCALIZABILITY_NONLOCALIZED = YES;
				CLANG_ANALYZER_NONNULL = YES;
				CLANG_CXX_LANGUAGE_STANDARD = "gnu++0x";
				CLANG_CXX_LIBRARY = "libc++";
				CLANG_ENABLE_MODULES = YES;
				CLANG_ENABLE_OBJC_ARC = YES;
				CLANG_WARN_BOOL_CONVERSION = YES;
				CLANG_WARN_CONSTANT_CONVERSION = YES;
				CLANG_WARN_DIRECT_OBJC_ISA_USAGE = YES_ERROR;
				CLANG_WARN_DOCUMENTATION_COMMENTS = YES;
				CLANG_WARN_EMPTY_BODY = YES;
				CLANG_WARN_ENUM_CONVERSION = YES;
				CLANG_WARN_INFINITE_RECURSION = YES;
				CLANG_WARN_INT_CONVERSION = YES;
				CLANG_WARN_OBJC_ROOT_CLASS = YES_ERROR;
				CLANG_WARN_SUSPICIOUS_MOVE = YES;
				CLANG_WARN_UNREACHABLE_CODE = YES;
				CLANG_WARN__DUPLICATE_METHOD_MATCH = YES;
				"CODE_SIGN_IDENTITY[sdk=iphoneos*]" = "iPhone Developer";
				COPY_PHASE_STRIP = NO;
				DEBUG_INFORMATION_FORMAT = dwarf;
				ENABLE_STRICT_OBJC_MSGSEND = YES;
				ENABLE_TESTABILITY = YES;
				GCC_C_LANGUAGE_STANDARD = gnu99;
				GCC_DYNAMIC_NO_PIC = NO;
				GCC_NO_COMMON_BLOCKS = YES;
				GCC_OPTIMIZATION_LEVEL = 0;
				GCC_PREPROCESSOR_DEFINITIONS = (
					"DEBUG=1",
					"$(inherited)",
				);
				GCC_WARN_64_TO_32_BIT_CONVERSION = YES;
				GCC_WARN_ABOUT_RETURN_TYPE = YES_ERROR;
				GCC_WARN_UNDECLARED_SELECTOR = YES;
				GCC_WARN_UNINITIALIZED_AUTOS = YES_AGGRESSIVE;
				GCC_WARN_UNUSED_FUNCTION = YES;
				GCC_WARN_UNUSED_VARIABLE = YES;
				IPHONEOS_DEPLOYMENT_TARGET = 10.2;
				MTL_ENABLE_DEBUG_INFO = YES;
				ONLY_ACTIVE_ARCH = YES;
				SDKROOT = iphoneos;
				TARGETED_DEVICE_FAMILY = "1,2";
			};
			name = Debug;
		};
		9ADFB15F1FBAEEDD006D1E9B /* Release */ = {
			isa = XCBuildConfiguration;
			buildSettings = {
				ALWAYS_SEARCH_USER_PATHS = NO;
				CLANG_ANALYZER_LOCALIZABILITY_NONLOCALIZED = YES;
				CLANG_ANALYZER_NONNULL = YES;
				CLANG_CXX_LANGUAGE_STANDARD = "gnu++0x";
				CLANG_CXX_LIBRARY = "libc++";
				CLANG_ENABLE_MODULES = YES;
				CLANG_ENABLE_OBJC_ARC = YES;
				CLANG_WARN_BOOL_CONVERSION = YES;
				CLANG_WARN_CONSTANT_CONVERSION = YES;
				CLANG_WARN_DIRECT_OBJC_ISA_USAGE = YES_ERROR;
				CLANG_WARN_DOCUMENTATION_COMMENTS = YES;
				CLANG_WARN_EMPTY_BODY = YES;
				CLANG_WARN_ENUM_CONVERSION = YES;
				CLANG_WARN_INFINITE_RECURSION = YES;
				CLANG_WARN_INT_CONVERSION = YES;
				CLANG_WARN_OBJC_ROOT_CLASS = YES_ERROR;
				CLANG_WARN_SUSPICIOUS_MOVE = YES;
				CLANG_WARN_UNREACHABLE_CODE = YES;
				CLANG_WARN__DUPLICATE_METHOD_MATCH = YES;
				"CODE_SIGN_IDENTITY[sdk=iphoneos*]" = "iPhone Developer";
				COPY_PHASE_STRIP = NO;
				DEBUG_INFORMATION_FORMAT = "dwarf-with-dsym";
				ENABLE_NS_ASSERTIONS = NO;
				ENABLE_STRICT_OBJC_MSGSEND = YES;
				GCC_C_LANGUAGE_STANDARD = gnu99;
				GCC_NO_COMMON_BLOCKS = YES;
				GCC_WARN_64_TO_32_BIT_CONVERSION = YES;
				GCC_WARN_ABOUT_RETURN_TYPE = YES_ERROR;
				GCC_WARN_UNDECLARED_SELECTOR = YES;
				GCC_WARN_UNINITIALIZED_AUTOS = YES_AGGRESSIVE;
				GCC_WARN_UNUSED_FUNCTION = YES;
				GCC_WARN_UNUSED_VARIABLE = YES;
				IPHONEOS_DEPLOYMENT_TARGET = 10.2;
				MTL_ENABLE_DEBUG_INFO = NO;
				SDKROOT = iphoneos;
				TARGETED_DEVICE_FAMILY = "1,2";
				VALIDATE_PRODUCT = YES;
			};
			name = Release;
		};
		9ADFB1611FBAEEDD006D1E9B /* Debug */ = {
			isa = XCBuildConfiguration;
			baseConfigurationReference = C4E20501D4A29DBD1BABBBB0 /* Pods-Mine.debug.xcconfig */;
			buildSettings = {
				ASSETCATALOG_COMPILER_APPICON_NAME = AppIcon;
				DEVELOPMENT_TEAM = 875QN44U4L;
				GCC_PREFIX_HEADER = "$(SRCROOT)/Mine/PrefixHeader.pch";
				INFOPLIST_FILE = Mine/Info.plist;
				IPHONEOS_DEPLOYMENT_TARGET = 8.0;
				LD_RUNPATH_SEARCH_PATHS = "$(inherited) @executable_path/Frameworks";
				LIBRARY_SEARCH_PATHS = (
					"$(inherited)",
					"$(PROJECT_DIR)",
				);
				PRODUCT_BUNDLE_IDENTIFIER = com.Mine.libin;
				PRODUCT_NAME = "$(TARGET_NAME)";
				USER_HEADER_SEARCH_PATHS = "${SRCROOT}/**";
			};
			name = Debug;
		};
		9ADFB1621FBAEEDD006D1E9B /* Release */ = {
			isa = XCBuildConfiguration;
			baseConfigurationReference = D95E81534F398E002DFCBD3A /* Pods-Mine.release.xcconfig */;
			buildSettings = {
				ASSETCATALOG_COMPILER_APPICON_NAME = AppIcon;
				DEVELOPMENT_TEAM = 875QN44U4L;
				GCC_PREFIX_HEADER = "$(SRCROOT)/Mine/PrefixHeader.pch";
				INFOPLIST_FILE = Mine/Info.plist;
				IPHONEOS_DEPLOYMENT_TARGET = 8.0;
				LD_RUNPATH_SEARCH_PATHS = "$(inherited) @executable_path/Frameworks";
				LIBRARY_SEARCH_PATHS = (
					"$(inherited)",
					"$(PROJECT_DIR)",
				);
				PRODUCT_BUNDLE_IDENTIFIER = com.Mine.libin;
				PRODUCT_NAME = "$(TARGET_NAME)";
				USER_HEADER_SEARCH_PATHS = "${SRCROOT}/**";
			};
			name = Release;
		};
/* End XCBuildConfiguration section */

/* Begin XCConfigurationList section */
		9ADFB1441FBAEEDD006D1E9B /* Build configuration list for PBXProject "Mine" */ = {
			isa = XCConfigurationList;
			buildConfigurations = (
				9ADFB15E1FBAEEDD006D1E9B /* Debug */,
				9ADFB15F1FBAEEDD006D1E9B /* Release */,
			);
			defaultConfigurationIsVisible = 0;
			defaultConfigurationName = Release;
		};
		9ADFB1601FBAEEDD006D1E9B /* Build configuration list for PBXNativeTarget "Mine" */ = {
			isa = XCConfigurationList;
			buildConfigurations = (
				9ADFB1611FBAEEDD006D1E9B /* Debug */,
				9ADFB1621FBAEEDD006D1E9B /* Release */,
			);
			defaultConfigurationIsVisible = 0;
			defaultConfigurationName = Release;
		};
/* End XCConfigurationList section */
	};
	rootObject = 9ADFB1411FBAEEDD006D1E9B /* Project object */;
}
